# This file is automatically @generated by Cargo.
# It is not intended for manual editing.
version = 3

[[package]]
name = "day03"
version = "0.1.0"
dependencies = [
 "multindex",
]

[[package]]
name = "multindex"
version = "0.1.3"
source = "registry+https://github.com/rust-lang/crates.io-index"
checksum = "9653b06de735a498f38fa9f4b75bc42ac96fa82823a6cef3d80e03eea0c6b548"
